// !$*UTF8*$!
{
	archiveVersion = 1;
	classes = {
	};
	objectVersion = 46;
	objects = {

/* Begin PBXBuildFile section */
		843AF0831B51E450005BFBC6 /* main.m in Sources */ = {isa = PBXBuildFile; fileRef = 843AF0821B51E450005BFBC6 /* main.m */; };
		843AF0861B51E450005BFBC6 /* AppDelegate.m in Sources */ = {isa = PBXBuildFile; fileRef = 843AF0851B51E450005BFBC6 /* AppDelegate.m */; };
		843AF0891B51E450005BFBC6 /* ViewController.m in Sources */ = {isa = PBXBuildFile; fileRef = 843AF0881B51E450005BFBC6 /* ViewController.m */; };
		843AF08C1B51E450005BFBC6 /* Main.storyboard in Resources */ = {isa = PBXBuildFile; fileRef = 843AF08A1B51E450005BFBC6 /* Main.storyboard */; };
		843AF08E1B51E450005BFBC6 /* Images.xcassets in Resources */ = {isa = PBXBuildFile; fileRef = 843AF08D1B51E450005BFBC6 /* Images.xcassets */; };
		843AF0911B51E450005BFBC6 /* LaunchScreen.xib in Resources */ = {isa = PBXBuildFile; fileRef = 843AF08F1B51E450005BFBC6 /* LaunchScreen.xib */; };
		843AF09D1B51E450005BFBC6 /* EscalappTests.m in Sources */ = {isa = PBXBuildFile; fileRef = 843AF09C1B51E450005BFBC6 /* EscalappTests.m */; };
		843AF0B21B520413005BFBC6 /* 1. The Escalapp - Main.jpg in Resources */ = {isa = PBXBuildFile; fileRef = 843AF0AF1B520413005BFBC6 /* 1. The Escalapp - Main.jpg */; };
		843AF0B31B520413005BFBC6 /* library.jpg in Resources */ = {isa = PBXBuildFile; fileRef = 843AF0B01B520413005BFBC6 /* library.jpg */; };
		843AF0B41B520413005BFBC6 /* Summer-College-Campus-Tour.jpg in Resources */ = {isa = PBXBuildFile; fileRef = 843AF0B11B520413005BFBC6 /* Summer-College-Campus-Tour.jpg */; };
		843AF0BE1B5222D4005BFBC6 /* blurryparty.jpg in Resources */ = {isa = PBXBuildFile; fileRef = 843AF0BB1B5222D4005BFBC6 /* blurryparty.jpg */; };
		843AF0BF1B5222D4005BFBC6 /* high-school-hallway1024.jpg in Resources */ = {isa = PBXBuildFile; fileRef = 843AF0BC1B5222D4005BFBC6 /* high-school-hallway1024.jpg */; };
		843AF0C01B5222D4005BFBC6 /* P1010189-1.jpg in Resources */ = {isa = PBXBuildFile; fileRef = 843AF0BD1B5222D4005BFBC6 /* P1010189-1.jpg */; };
		843AF0C21B5227A1005BFBC6 /* QuartzCore.framework in Frameworks */ = {isa = PBXBuildFile; fileRef = 843AF0C11B5227A1005BFBC6 /* QuartzCore.framework */; };
/* End PBXBuildFile section */

/* Begin PBXContainerItemProxy section */
		843AF0971B51E450005BFBC6 /* PBXContainerItemProxy */ = {
			isa = PBXContainerItemProxy;
			containerPortal = 843AF0751B51E450005BFBC6 /* Project object */;
			proxyType = 1;
			remoteGlobalIDString = 843AF07C1B51E450005BFBC6;
			remoteInfo = Escalapp;
		};
/* End PBXContainerItemProxy section */

/* Begin PBXFileReference section */
		843AF07D1B51E450005BFBC6 /* Escalapp.app */ = {isa = PBXFileReference; explicitFileType = wrapper.application; includeInIndex = 0; path = Escalapp.app; sourceTree = BUILT_PRODUCTS_DIR; };
		843AF0811B51E450005BFBC6 /* Info.plist */ = {isa = PBXFileReference; lastKnownFileType = text.plist.xml; path = Info.plist; sourceTree = "<group>"; };
		843AF0821B51E450005BFBC6 /* main.m */ = {isa = PBXFileReference; lastKnownFileType = sourcecode.c.objc; path = main.m; sourceTree = "<group>"; };
		843AF0841B51E450005BFBC6 /* AppDelegate.h */ = {isa = PBXFileReference; lastKnownFileType = sourcecode.c.h; path = AppDelegate.h; sourceTree = "<group>"; };
		843AF0851B51E450005BFBC6 /* AppDelegate.m */ = {isa = PBXFileReference; lastKnownFileType = sourcecode.c.objc; path = AppDelegate.m; sourceTree = "<group>"; };
		843AF0871B51E450005BFBC6 /* ViewController.h */ = {isa = PBXFileReference; lastKnownFileType = sourcecode.c.h; path = ViewController.h; sourceTree = "<group>"; };
		843AF0881B51E450005BFBC6 /* ViewController.m */ = {isa = PBXFileReference; lastKnownFileType = sourcecode.c.objc; path = ViewController.m; sourceTree = "<group>"; };
		843AF08B1B51E450005BFBC6 /* Base */ = {isa = PBXFileReference; lastKnownFileType = file.storyboard; name = Base; path = Base.lproj/Main.storyboard; sourceTree = "<group>"; };
		843AF08D1B51E450005BFBC6 /* Images.xcassets */ = {isa = PBXFileReference; lastKnownFileType = folder.assetcatalog; path = Images.xcassets; sourceTree = "<group>"; };
		843AF0901B51E450005BFBC6 /* Base */ = {isa = PBXFileReference; lastKnownFileType = file.xib; name = Base; path = Base.lproj/LaunchScreen.xib; sourceTree = "<group>"; };
		843AF0961B51E450005BFBC6 /* EscalappTests.xctest */ = {isa = PBXFileReference; explicitFileType = wrapper.cfbundle; includeInIndex = 0; path = EscalappTests.xctest; sourceTree = BUILT_PRODUCTS_DIR; };
		843AF09B1B51E450005BFBC6 /* Info.plist */ = {isa = PBXFileReference; lastKnownFileType = text.plist.xml; path = Info.plist; sourceTree = "<group>"; };
		843AF09C1B51E450005BFBC6 /* EscalappTests.m */ = {isa = PBXFileReference; lastKnownFileType = sourcecode.c.objc; path = EscalappTests.m; sourceTree = "<group>"; };
		843AF0AF1B520413005BFBC6 /* 1. The Escalapp - Main.jpg */ = {isa = PBXFileReference; lastKnownFileType = image.jpeg; path = "1. The Escalapp - Main.jpg"; sourceTree = "<group>"; };
		843AF0B01B520413005BFBC6 /* library.jpg */ = {isa = PBXFileReference; lastKnownFileType = image.jpeg; path = library.jpg; sourceTree = "<group>"; };
		843AF0B11B520413005BFBC6 /* Summer-College-Campus-Tour.jpg */ = {isa = PBXFileReference; lastKnownFileType = image.jpeg; path = "Summer-College-Campus-Tour.jpg"; sourceTree = "<group>"; };
		843AF0BB1B5222D4005BFBC6 /* blurryparty.jpg */ = {isa = PBXFileReference; lastKnownFileType = image.jpeg; path = blurryparty.jpg; sourceTree = "<group>"; };
		843AF0BC1B5222D4005BFBC6 /* high-school-hallway1024.jpg */ = {isa = PBXFileReference; lastKnownFileType = image.jpeg; path = "high-school-hallway1024.jpg"; sourceTree = "<group>"; };
		843AF0BD1B5222D4005BFBC6 /* P1010189-1.jpg */ = {isa = PBXFileReference; lastKnownFileType = image.jpeg; path = "P1010189-1.jpg"; sourceTree = "<group>"; };
		843AF0C11B5227A1005BFBC6 /* QuartzCore.framework */ = {isa = PBXFileReference; lastKnownFileType = wrapper.framework; name = QuartzCore.framework; path = System/Library/Frameworks/QuartzCore.framework; sourceTree = SDKROOT; };
/* End PBXFileReference section */

/* Begin PBXFrameworksBuildPhase section */
		843AF07A1B51E450005BFBC6 /* Frameworks */ = {
			isa = PBXFrameworksBuildPhase;
			buildActionMask = 2147483647;
			files = (
				843AF0C21B5227A1005BFBC6 /* QuartzCore.framework in Frameworks */,
			);
			runOnlyForDeploymentPostprocessing = 0;
		};
		843AF0931B51E450005BFBC6 /* Frameworks */ = {
			isa = PBXFrameworksBuildPhase;
			buildActionMask = 2147483647;
			files = (
			);
			runOnlyForDeploymentPostprocessing = 0;
		};
/* End PBXFrameworksBuildPhase section */

/* Begin PBXGroup section */
		843AF0741B51E450005BFBC6 = {
			isa = PBXGroup;
			children = (
				843AF0C11B5227A1005BFBC6 /* QuartzCore.framework */,
				843AF07F1B51E450005BFBC6 /* Escalapp */,
				843AF0991B51E450005BFBC6 /* EscalappTests */,
				843AF07E1B51E450005BFBC6 /* Products */,
			);
			sourceTree = "<group>";
		};
		843AF07E1B51E450005BFBC6 /* Products */ = {
			isa = PBXGroup;
			children = (
				843AF07D1B51E450005BFBC6 /* Escalapp.app */,
				843AF0961B51E450005BFBC6 /* EscalappTests.xctest */,
			);
			name = Products;
			sourceTree = "<group>";
		};
		843AF07F1B51E450005BFBC6 /* Escalapp */ = {
			isa = PBXGroup;
			children = (
				843AF0A61B51F22F005BFBC6 /* Images */,
				843AF0841B51E450005BFBC6 /* AppDelegate.h */,
				843AF0851B51E450005BFBC6 /* AppDelegate.m */,
				843AF0871B51E450005BFBC6 /* ViewController.h */,
				843AF0881B51E450005BFBC6 /* ViewController.m */,
				843AF08A1B51E450005BFBC6 /* Main.storyboard */,
				843AF08D1B51E450005BFBC6 /* Images.xcassets */,
				843AF08F1B51E450005BFBC6 /* LaunchScreen.xib */,
				843AF0801B51E450005BFBC6 /* Supporting Files */,
			);
			path = Escalapp;
			sourceTree = "<group>";
		};
		843AF0801B51E450005BFBC6 /* Supporting Files */ = {
			isa = PBXGroup;
			children = (
				843AF0811B51E450005BFBC6 /* Info.plist */,
				843AF0821B51E450005BFBC6 /* main.m */,
			);
			name = "Supporting Files";
			sourceTree = "<group>";
		};
		843AF0991B51E450005BFBC6 /* EscalappTests */ = {
			isa = PBXGroup;
			children = (
				843AF09C1B51E450005BFBC6 /* EscalappTests.m */,
				843AF09A1B51E450005BFBC6 /* Supporting Files */,
			);
			path = EscalappTests;
			sourceTree = "<group>";
		};
		843AF09A1B51E450005BFBC6 /* Supporting Files */ = {
			isa = PBXGroup;
			children = (
				843AF09B1B51E450005BFBC6 /* Info.plist */,
			);
			name = "Supporting Files";
			sourceTree = "<group>";
		};
		843AF0A61B51F22F005BFBC6 /* Images */ = {
			isa = PBXGroup;
			children = (
				843AF0BB1B5222D4005BFBC6 /* blurryparty.jpg */,
				843AF0BC1B5222D4005BFBC6 /* high-school-hallway1024.jpg */,
				843AF0BD1B5222D4005BFBC6 /* P1010189-1.jpg */,
				843AF0AF1B520413005BFBC6 /* 1. The Escalapp - Main.jpg */,
				843AF0B01B520413005BFBC6 /* library.jpg */,
				843AF0B11B520413005BFBC6 /* Summer-College-Campus-Tour.jpg */,
			);
			name = Images;
			sourceTree = "<group>";
		};
/* End PBXGroup section */

/* Begin PBXNativeTarget section */
		843AF07C1B51E450005BFBC6 /* Escalapp */ = {
			isa = PBXNativeTarget;
			buildConfigurationList = 843AF0A01B51E450005BFBC6 /* Build configuration list for PBXNativeTarget "Escalapp" */;
			buildPhases = (
				843AF0791B51E450005BFBC6 /* Sources */,
				843AF07A1B51E450005BFBC6 /* Frameworks */,
				843AF07B1B51E450005BFBC6 /* Resources */,
			);
			buildRules = (
			);
			dependencies = (
			);
			name = Escalapp;
			productName = Escalapp;
			productReference = 843AF07D1B51E450005BFBC6 /* Escalapp.app */;
			productType = "com.apple.product-type.application";
		};
		843AF0951B51E450005BFBC6 /* EscalappTests */ = {
			isa = PBXNativeTarget;
			buildConfigurationList = 843AF0A31B51E450005BFBC6 /* Build configuration list for PBXNativeTarget "EscalappTests" */;
			buildPhases = (
				843AF0921B51E450005BFBC6 /* Sources */,
				843AF0931B51E450005BFBC6 /* Frameworks */,
				843AF0941B51E450005BFBC6 /* Resources */,
			);
			buildRules = (
			);
			dependencies = (
				843AF0981B51E450005BFBC6 /* PBXTargetDependency */,
			);
			name = EscalappTests;
			productName = EscalappTests;
			productReference = 843AF0961B51E450005BFBC6 /* EscalappTests.xctest */;
			productType = "com.apple.product-type.bundle.unit-test";
		};
/* End PBXNativeTarget section */

/* Begin PBXProject section */
		843AF0751B51E450005BFBC6 /* Project object */ = {
			isa = PBXProject;
			attributes = {
				LastUpgradeCheck = 0640;
				ORGANIZATIONNAME = "Chime Hack 2";
				TargetAttributes = {
					843AF07C1B51E450005BFBC6 = {
						CreatedOnToolsVersion = 6.4;
					};
					843AF0951B51E450005BFBC6 = {
						CreatedOnToolsVersion = 6.4;
						TestTargetID = 843AF07C1B51E450005BFBC6;
					};
				};
			};
			buildConfigurationList = 843AF0781B51E450005BFBC6 /* Build configuration list for PBXProject "Escalapp" */;
			compatibilityVersion = "Xcode 3.2";
			developmentRegion = English;
			hasScannedForEncodings = 0;
			knownRegions = (
				en,
				Base,
			);
			mainGroup = 843AF0741B51E450005BFBC6;
			productRefGroup = 843AF07E1B51E450005BFBC6 /* Products */;
			projectDirPath = "";
			projectRoot = "";
			targets = (
				843AF07C1B51E450005BFBC6 /* Escalapp */,
				843AF0951B51E450005BFBC6 /* EscalappTests */,
			);
		};
/* End PBXProject section */

/* Begin PBXResourcesBuildPhase section */
		843AF07B1B51E450005BFBC6 /* Resources */ = {
			isa = PBXResourcesBuildPhase;
			buildActionMask = 2147483647;
			files = (
				843AF0BE1B5222D4005BFBC6 /* blurryparty.jpg in Resources */,
				843AF0B31B520413005BFBC6 /* library.jpg in Resources */,
				843AF0C01B5222D4005BFBC6 /* P1010189-1.jpg in Resources */,
				843AF0B21B520413005BFBC6 /* 1. The Escalapp - Main.jpg in Resources */,
				843AF08C1B51E450005BFBC6 /* Main.storyboard in Resources */,
				843AF0B41B520413005BFBC6 /* Summer-College-Campus-Tour.jpg in Resources */,
				843AF0BF1B5222D4005BFBC6 /* high-school-hallway1024.jpg in Resources */,
				843AF0911B51E450005BFBC6 /* LaunchScreen.xib in Resources */,
				843AF08E1B51E450005BFBC6 /* Images.xcassets in Resources */,
			);
			runOnlyForDeploymentPostprocessing = 0;
		};
		843AF0941B51E450005BFBC6 /* Resources */ = {
			isa = PBXResourcesBuildPhase;
			buildActionMask = 2147483647;
			files = (
			);
			runOnlyForDeploymentPostprocessing = 0;
		};
/* End PBXResourcesBuildPhase section */

/* Begin PBXSourcesBuildPhase section */
		843AF0791B51E450005BFBC6 /* Sources */ = {
			isa = PBXSourcesBuildPhase;
			buildActionMask = 2147483647;
			files = (
				843AF0891B51E450005BFBC6 /* ViewController.m in Sources */,
				843AF0861B51E450005BFBC6 /* AppDelegate.m in Sources */,
				843AF0831B51E450005BFBC6 /* main.m in Sources */,
			);
			runOnlyForDeploymentPostprocessing = 0;
		};
		843AF0921B51E450005BFBC6 /* Sources */ = {
			isa = PBXSourcesBuildPhase;
			buildActionMask = 2147483647;
			files = (
				843AF09D1B51E450005BFBC6 /* EscalappTests.m in Sources */,
			);
			runOnlyForDeploymentPostprocessing = 0;
		};
/* End PBXSourcesBuildPhase section */

/* Begin PBXTargetDependency section */
		843AF0981B51E450005BFBC6 /* PBXTargetDependency */ = {
			isa = PBXTargetDependency;
			target = 843AF07C1B51E450005BFBC6 /* Escalapp */;
			targetProxy = 843AF0971B51E450005BFBC6 /* PBXContainerItemProxy */;
		};
/* End PBXTargetDependency section */

/* Begin PBXVariantGroup section */
		843AF08A1B51E450005BFBC6 /* Main.storyboard */ = {
			isa = PBXVariantGroup;
			children = (
				843AF08B1B51E450005BFBC6 /* Base */,
			);
			name = Main.storyboard;
			sourceTree = "<group>";
		};
		843AF08F1B51E450005BFBC6 /* LaunchScreen.xib */ = {
			isa = PBXVariantGroup;
			children = (
				843AF0901B51E450005BFBC6 /* Base */,
			);
			name = LaunchScreen.xib;
			sourceTree = "<group>";
		};
/* End PBXVariantGroup section */

/* Begin XCBuildConfiguration section */
		843AF09E1B51E450005BFBC6 /* Debug */ = {
			isa = XCBuildConfiguration;
			buildSettings = {
				ALWAYS_SEARCH_USER_PATHS = NO;
				CLANG_CXX_LANGUAGE_STANDARD = "gnu++0x";
				CLANG_CXX_LIBRARY = "libc++";
				CLANG_ENABLE_MODULES = YES;
				CLANG_ENABLE_OBJC_ARC = YES;
				CLANG_WARN_BOOL_CONVERSION = YES;
				CLANG_WARN_CONSTANT_CONVERSION = YES;
				CLANG_WARN_DIRECT_OBJC_ISA_USAGE = YES_ERROR;
				CLANG_WARN_EMPTY_BODY = YES;
				CLANG_WARN_ENUM_CONVERSION = YES;
				CLANG_WARN_INT_CONVERSION = YES;
				CLANG_WARN_OBJC_ROOT_CLASS = YES_ERROR;
				CLANG_WARN_UNREACHABLE_CODE = YES;
				CLANG_WARN__DUPLICATE_METHOD_MATCH = YES;
				"CODE_SIGN_IDENTITY[sdk=iphoneos*]" = "iPhone Developer";
				COPY_PHASE_STRIP = NO;
				DEBUG_INFORMATION_FORMAT = "dwarf-with-dsym";
				ENABLE_STRICT_OBJC_MSGSEND = YES;
				GCC_C_LANGUAGE_STANDARD = gnu99;
				GCC_DYNAMIC_NO_PIC = NO;
				GCC_NO_COMMON_BLOCKS = YES;
				GCC_OPTIMIZATION_LEVEL = 0;
				GCC_PREPROCESSOR_DEFINITIONS = (
					"DEBUG=1",
					"$(inherited)",
				);
				GCC_SYMBOLS_PRIVATE_EXTERN = NO;
				GCC_WARN_64_TO_32_BIT_CONVERSION = YES;
				GCC_WARN_ABOUT_RETURN_TYPE = YES_ERROR;
				GCC_WARN_UNDECLARED_SELECTOR = YES;
				GCC_WARN_UNINITIALIZED_AUTOS = YES_AGGRESSIVE;
				GCC_WARN_UNUSED_FUNCTION = YES;
				GCC_WARN_UNUSED_VARIABLE = YES;
				IPHONEOS_DEPLOYMENT_TARGET = 8.4;
				MTL_ENABLE_DEBUG_INFO = YES;
				ONLY_ACTIVE_ARCH = YES;
				SDKROOT = iphoneos;
				TARGETED_DEVICE_FAMILY = "1,2";
			};
			name = Debug;
		};
		843AF09F1B51E450005BFBC6 /* Release */ = {
			isa = XCBuildConfiguration;
			buildSettings = {
				ALWAYS_SEARCH_USER_PATHS = NO;
				CLANG_CXX_LANGUAGE_STANDARD = "gnu++0x";
				CLANG_CXX_LIBRARY = "libc++";
				CLANG_ENABLE_MODULES = YES;
				CLANG_ENABLE_OBJC_ARC = YES;
				CLANG_WARN_BOOL_CONVERSION = YES;
				CLANG_WARN_CONSTANT_CONVERSION = YES;
				CLANG_WARN_DIRECT_OBJC_ISA_USAGE = YES_ERROR;
				CLANG_WARN_EMPTY_BODY = YES;
				CLANG_WARN_ENUM_CONVERSION = YES;
				CLANG_WARN_INT_CONVERSION = YES;
				CLANG_WARN_OBJC_ROOT_CLASS = YES_ERROR;
				CLANG_WARN_UNREACHABLE_CODE = YES;
				CLANG_WARN__DUPLICATE_METHOD_MATCH = YES;
				"CODE_SIGN_IDENTITY[sdk=iphoneos*]" = "iPhone Developer";
				COPY_PHASE_STRIP = NO;
				DEBUG_INFORMATION_FORMAT = "dwarf-with-dsym";
				ENABLE_NS_ASSERTIONS = NO;
				ENABLE_STRICT_OBJC_MSGSEND = YES;
				GCC_C_LANGUAGE_STANDARD = gnu99;
				GCC_NO_COMMON_BLOCKS = YES;
				GCC_WARN_64_TO_32_BIT_CONVERSION = YES;
				GCC_WARN_ABOUT_RETURN_TYPE = YES_ERROR;
				GCC_WARN_UNDECLARED_SELECTOR = YES;
				GCC_WARN_UNINITIALIZED_AUTOS = YES_AGGRESSIVE;
				GCC_WARN_UNUSED_FUNCTION = YES;
				GCC_WARN_UNUSED_VARIABLE = YES;
				IPHONEOS_DEPLOYMENT_TARGET = 8.4;
				MTL_ENABLE_DEBUG_INFO = NO;
				SDKROOT = iphoneos;
				TARGETED_DEVICE_FAMILY = "1,2";
				VALIDATE_PRODUCT = YES;
			};
			name = Release;
		};
		843AF0A11B51E450005BFBC6 /* Debug */ = {
			isa = XCBuildConfiguration;
			buildSettings = {
				ASSETCATALOG_COMPILER_APPICON_NAME = AppIcon;
				INFOPLIST_FILE = Escalapp/Info.plist;
				LD_RUNPATH_SEARCH_PATHS = "$(inherited) @executable_path/Frameworks";
				PRODUCT_NAME = "$(TARGET_NAME)";
			};
			name = Debug;
		};
		843AF0A21B51E450005BFBC6 /* Release */ = {
			isa = XCBuildConfiguration;
			buildSettings = {
				ASSETCATALOG_COMPILER_APPICON_NAME = AppIcon;
				INFOPLIST_FILE = Escalapp/Info.plist;
				LD_RUNPATH_SEARCH_PATHS = "$(inherited) @executable_path/Frameworks";
				PRODUCT_NAME = "$(TARGET_NAME)";
			};
			name = Release;
		};
		843AF0A41B51E450005BFBC6 /* Debug */ = {
			isa = XCBuildConfiguration;
			buildSettings = {
				BUNDLE_LOADER = "$(TEST_HOST)";
				FRAMEWORK_SEARCH_PATHS = (
					"$(SDKROOT)/Developer/Library/Frameworks",
					"$(inherited)",
				);
				GCC_PREPROCESSOR_DEFINITIONS = (
					"DEBUG=1",
					"$(inherited)",
				);
				INFOPLIST_FILE = EscalappTests/Info.plist;
				LD_RUNPATH_SEARCH_PATHS = "$(inherited) @executable_path/Frameworks @loader_path/Frameworks";
				PRODUCT_NAME = "$(TARGET_NAME)";
				TEST_HOST = "$(BUILT_PRODUCTS_DIR)/Escalapp.app/Escalapp";
			};
			name = Debug;
		};
		843AF0A51B51E450005BFBC6 /* Release */ = {
			isa = XCBuildConfiguration;
			buildSettings = {
				BUNDLE_LOADER = "$(TEST_HOST)";
				FRAMEWORK_SEARCH_PATHS = (
					"$(SDKROOT)/Developer/Library/Frameworks",
					"$(inherited)",
				);
				INFOPLIST_FILE = EscalappTests/Info.plist;
				LD_RUNPATH_SEARCH_PATHS = "$(inherited) @executable_path/Frameworks @loader_path/Frameworks";
				PRODUCT_NAME = "$(TARGET_NAME)";
				TEST_HOST = "$(BUILT_PRODUCTS_DIR)/Escalapp.app/Escalapp";
			};
			name = Release;
		};
/* End XCBuildConfiguration section */

/* Begin XCConfigurationList section */
		843AF0781B51E450005BFBC6 /* Build configuration list for PBXProject "Escalapp" */ = {
			isa = XCConfigurationList;
			buildConfigurations = (
				843AF09E1B51E450005BFBC6 /* Debug */,
				843AF09F1B51E450005BFBC6 /* Release */,
			);
			defaultConfigurationIsVisible = 0;
			defaultConfigurationName = Release;
		};
		843AF0A01B51E450005BFBC6 /* Build configuration list for PBXNativeTarget "Escalapp" */ = {
			isa = XCConfigurationList;
			buildConfigurations = (
				843AF0A11B51E450005BFBC6 /* Debug */,
				843AF0A21B51E450005BFBC6 /* Release */,
			);
			defaultConfigurationIsVisible = 0;
		};
		843AF0A31B51E450005BFBC6 /* Build configuration list for PBXNativeTarget "EscalappTests" */ = {
			isa = XCConfigurationList;
			buildConfigurations = (
				843AF0A41B51E450005BFBC6 /* Debug */,
				843AF0A51B51E450005BFBC6 /* Release */,
			);
			defaultConfigurationIsVisible = 0;
		};
/* End XCConfigurationList section */
	};
	rootObject = 843AF0751B51E450005BFBC6 /* Project object */;
}
